{
    "_readme": [
        "This file locks the dependencies of your project to a known state",
        "Read more about it at http://getcomposer.org/doc/01-basic-usage.md#composer-lock-the-lock-file"
    ],
    "hash": "dc261a67c65195c347504d2a90548c72",
    "packages": [
        {
            "name": "crodas/artifex",
            "version": "dev-master",
            "source": {
                "type": "git",
                "url": "https://github.com/crodas/Artifex.git",
                "reference": "cc1ce05e04a193d7e64f26f45c05824acbb852f8"
            },
            "dist": {
                "type": "zip",
                "url": "https://api.github.com/repos/crodas/Artifex/zipball/cc1ce05e04a193d7e64f26f45c05824acbb852f8",
                "reference": "cc1ce05e04a193d7e64f26f45c05824acbb852f8",
                "shasum": ""
            },
            "require": {
                "php": ">=5.3.0"
            },
            "type": "library",
            "autoload": {
                "psr-0": {
                    "Artifex": "lib/"
                },
                "classmap": [
                    "lib/Artifex.php"
                ]
            },
            "notification-url": "https://packagist.org/downloads/",
            "authors": [
                {
                    "name": "César D. Rodas",
                    "email": "crodas@php.net"
                }
            ],
            "description": "Macros on steroids. The easiest way of generating code.",
            "time": "2013-10-28 01:18:01"
        },
        {
            "name": "crodas/class-info",
            "version": "v0.1.4",
            "source": {
                "type": "git",
                "url": "https://github.com/crodas/ClassInfo.git",
                "reference": "b7f56fde0aac50e2a2a11230039949d649048c32"
            },
            "dist": {
                "type": "zip",
                "url": "https://api.github.com/repos/crodas/ClassInfo/zipball/b7f56fde0aac50e2a2a11230039949d649048c32",
                "reference": "b7f56fde0aac50e2a2a11230039949d649048c32",
                "shasum": ""
            },
            "type": "library",
            "autoload": {
                "psr-0": {
                    "crodas": "lib/"
                }
            },
            "notification-url": "https://packagist.org/downloads/",
            "license": [
                "BSD-4-Clause"
            ],
            "authors": [
                {
                    "name": "César D. Rodas",
                    "email": "crodas@php.net"
                }
            ],
            "description": "Get classes and functions defined in a given file",
            "time": "2013-10-24 16:58:56"
        },
        {
            "name": "crodas/notoj",
            "version": "v0.1.7",
            "source": {
                "type": "git",
                "url": "https://github.com/crodas/Notoj.git",
                "reference": "f3d8db3fb8fc907e150e46dd117dba3bfa0187aa"
            },
            "dist": {
                "type": "zip",
                "url": "https://api.github.com/repos/crodas/Notoj/zipball/f3d8db3fb8fc907e150e46dd117dba3bfa0187aa",
                "reference": "f3d8db3fb8fc907e150e46dd117dba3bfa0187aa",
                "shasum": ""
            },
            "require": {
                "crodas/class-info": "~0.1",
                "php": ">=5.3.0"
            },
            "type": "library",
            "autoload": {
                "psr-0": {
                    "Notoj": "lib/"
                }
            },
            "notification-url": "https://packagist.org/downloads/",
            "license": [
                "BSD-4-Clause"
            ],
            "authors": [
                {
                    "name": "César D. Rodas",
                    "email": "crodas@php.net"
                }
            ],
            "description": "Annotation parser. Uses reflection and provides cache out of the box.",
            "time": "2013-10-24 04:14:47"
        },
        {
            "name": "crodas/path",
            "version": "dev-master",
            "source": {
                "type": "git",
                "url": "https://github.com/crodas/Path.git",
                "reference": "142275ba3647b1a34a16dba1954999821f701804"
            },
            "dist": {
                "type": "zip",
                "url": "https://api.github.com/repos/crodas/Path/zipball/142275ba3647b1a34a16dba1954999821f701804",
                "reference": "142275ba3647b1a34a16dba1954999821f701804",
                "shasum": ""
            },
            "type": "library",
            "autoload": {
                "psr-0": {
                    "crodas": "lib/"
                }
            },
            "notification-url": "https://packagist.org/downloads/",
            "license": [
                "BSD-4-Clause"
            ],
            "authors": [
                {
                    "name": "César D. Rodas",
                    "email": "crodas@php.net"
                }
            ],
            "description": "Library to manipulate paths",
            "time": "2013-10-23 16:48:19"
        },
        {
            "name": "crodas/service-provider",
            "version": "v0.1.3",
            "source": {
                "type": "git",
                "url": "https://github.com/crodas/ServiceProvider.git",
                "reference": "c8437c3ecd485ce5fa1527c84427cea9a0f0775d"
            },
            "dist": {
                "type": "zip",
                "url": "https://api.github.com/repos/crodas/ServiceProvider/zipball/c8437c3ecd485ce5fa1527c84427cea9a0f0775d",
                "reference": "c8437c3ecd485ce5fa1527c84427cea9a0f0775d",
                "shasum": ""
            },
            "require": {
                "crodas/artifex": "*",
                "crodas/notoj": "*",
                "crodas/path": "*",
                "crodas/watch-files": "*",
                "seld/jsonlint": "*",
                "symfony/yaml": "*"
            },
            "type": "library",
            "autoload": {
                "psr-0": {
                    "ServiceProvider": "lib/"
                }
            },
            "notification-url": "https://packagist.org/downloads/",
            "license": [
                "BSD-4-Clause"
            ],
            "authors": [
                {
                    "name": "César D. Rodas",
                    "email": "crodas@php.net"
                }
            ],
            "description": "Little configuration manager and dependency injection",
            "time": "2013-10-28 17:52:18"
        },
        {
            "name": "crodas/simple-view-engine",
            "version": "v0.1.9",
            "source": {
                "type": "git",
                "url": "https://github.com/crodas/SimpleView.git",
                "reference": "0f38e5b7d90b693754a59fd3cc8b2c29c92f679f"
            },
            "dist": {
                "type": "zip",
                "url": "https://api.github.com/repos/crodas/SimpleView/zipball/0f38e5b7d90b693754a59fd3cc8b2c29c92f679f",
                "reference": "0f38e5b7d90b693754a59fd3cc8b2c29c92f679f",
                "shasum": ""
            },
            "require": {
                "crodas/watch-files": "*",
                "symfony/console": "*",
                "symfony/finder": "*"
            },
            "type": "library",
            "autoload": {
                "classmap": [
                    "lib/"
                ]
            },
            "notification-url": "https://packagist.org/downloads/",
            "license": [
                "BSD-4-Clause"
            ],
            "authors": [
                {
                    "name": "César D. Rodas",
                    "email": "crodas@php.net"
                }
            ],
            "description": "Simple View engine designed to generate code. Based on Laravel's 4 Blade.",
            "time": "2013-10-25 19:42:43"
        },
        {
            "name": "crodas/validator",
            "version": "dev-master",
            "source": {
                "type": "git",
                "url": "https://github.com/crodas/Validator.git",
                "reference": "81a44326ea8710b6357538cd8f6767923c8e3ae0"
            },
            "dist": {
                "type": "zip",
                "url": "https://api.github.com/repos/crodas/Validator/zipball/81a44326ea8710b6357538cd8f6767923c8e3ae0",
                "reference": "81a44326ea8710b6357538cd8f6767923c8e3ae0",
                "shasum": ""
            },
            "require": {
                "crodas/notoj": "~0.1",
                "crodas/path": "*",
                "crodas/simple-view-engine": "*",
                "crodas/watch-files": "*"
            },
            "type": "library",
            "autoload": {
                "psr-0": {
                    "crodas": "lib/"
                }
            },
            "notification-url": "https://packagist.org/downloads/",
            "license": [
                "BSD-4-Clause"
            ],
            "authors": [
                {
                    "name": "César D. Rodas",
                    "email": "crodas@php.net"
                }
            ],
            "description": "Validation library",
            "time": "2013-10-25 02:32:21"
        },
        {
            "name": "crodas/watch-files",
            "version": "dev-master",
            "source": {
                "type": "git",
                "url": "https://github.com/crodas/WatchFiles.git",
                "reference": "330ed4ddaca59a6be540b19d979d4ebe08526f36"
            },
            "dist": {
                "type": "zip",
                "url": "https://api.github.com/repos/crodas/WatchFiles/zipball/330ed4ddaca59a6be540b19d979d4ebe08526f36",
                "reference": "330ed4ddaca59a6be540b19d979d4ebe08526f36",
                "shasum": ""
            },
            "require": {
                "crodas/path": "*"
            },
            "type": "library",
            "autoload": {
                "psr-0": {
                    "WatchFiles": "lib/"
                }
            },
            "notification-url": "https://packagist.org/downloads/",
            "license": [
                "BSD-4-Clause"
            ],
            "authors": [
                {
                    "name": "César D. Rodas",
                    "email": "crodas@php.net"
                }
            ],
            "description": "Watch files and directories for changes",
            "time": "2013-10-20 07:43:43"
        },
        {
            "name": "seld/jsonlint",
            "version": "dev-master",
            "source": {
                "type": "git",
                "url": "https://github.com/Seldaek/jsonlint.git",
                "reference": "fc3a80f048972dfc50b3411b364a797330c8a2eb"
            },
            "dist": {
                "type": "zip",
                "url": "https://api.github.com/repos/Seldaek/jsonlint/zipball/fc3a80f048972dfc50b3411b364a797330c8a2eb",
                "reference": "fc3a80f048972dfc50b3411b364a797330c8a2eb",
                "shasum": ""
            },
            "require": {
                "php": ">=5.3.0"
            },
            "bin": [
                "bin/jsonlint"
            ],
            "type": "library",
            "autoload": {
                "psr-0": {
                    "Seld\\JsonLint": "src/"
                }
            },
            "notification-url": "https://packagist.org/downloads/",
            "license": [
                "MIT"
            ],
            "authors": [
                {
                    "name": "Jordi Boggiano",
                    "email": "j.boggiano@seld.be",
                    "homepage": "http://seld.be",
                    "role": "Developer"
                }
            ],
            "description": "JSON Linter",
            "keywords": [
                "json",
                "linter",
                "parser",
                "validator"
            ],
            "time": "2014-03-19 15:35:12"
        },
        {
            "name": "symfony/console",
            "version": "dev-master",
            "target-dir": "Symfony/Component/Console",
            "source": {
                "type": "git",
                "url": "https://github.com/symfony/Console.git",
                "reference": "662a2922e0bcb3669e66ab36c20ce508c68b1d46"
            },
            "dist": {
                "type": "zip",
                "url": "https://api.github.com/repos/symfony/Console/zipball/662a2922e0bcb3669e66ab36c20ce508c68b1d46",
                "reference": "662a2922e0bcb3669e66ab36c20ce508c68b1d46",
                "shasum": ""
            },
            "require": {
                "php": ">=5.3.3"
            },
            "require-dev": {
                "symfony/event-dispatcher": "~2.1"
            },
            "suggest": {
                "symfony/event-dispatcher": ""
            },
            "type": "library",
            "extra": {
                "branch-alias": {
                    "dev-master": "2.4-dev"
                }
            },
            "autoload": {
                "psr-0": {
                    "Symfony\\Component\\Console\\": ""
                }
            },
            "notification-url": "https://packagist.org/downloads/",
            "license": [
                "MIT"
            ],
            "authors": [
                {
                    "name": "Fabien Potencier",
                    "email": "fabien@symfony.com"
                },
                {
                    "name": "Symfony Community",
                    "homepage": "http://symfony.com/contributors"
                }
            ],
            "description": "Symfony Console Component",
            "homepage": "http://symfony.com",
            "time": "2013-10-23 08:18:42"
        },
        {
            "name": "symfony/finder",
            "version": "dev-master",
            "target-dir": "Symfony/Component/Finder",
            "source": {
                "type": "git",
                "url": "https://github.com/symfony/Finder.git",
                "reference": "e2ce3164ab58b4d54612e630571f158035ee8603"
            },
            "dist": {
                "type": "zip",
                "url": "https://api.github.com/repos/symfony/Finder/zipball/e2ce3164ab58b4d54612e630571f158035ee8603",
                "reference": "e2ce3164ab58b4d54612e630571f158035ee8603",
                "shasum": ""
            },
            "require": {
                "php": ">=5.3.3"
            },
            "type": "library",
            "extra": {
                "branch-alias": {
                    "dev-master": "2.4-dev"
                }
            },
            "autoload": {
                "psr-0": {
                    "Symfony\\Component\\Finder\\": ""
                }
            },
            "notification-url": "https://packagist.org/downloads/",
            "license": [
                "MIT"
            ],
            "authors": [
                {
                    "name": "Fabien Potencier",
                    "email": "fabien@symfony.com"
                },
                {
                    "name": "Symfony Community",
                    "homepage": "http://symfony.com/contributors"
                }
            ],
            "description": "Symfony Finder Component",
            "homepage": "http://symfony.com",
            "time": "2013-09-19 09:47:34"
        },
        {
            "name": "symfony/yaml",
            "version": "dev-master",
            "target-dir": "Symfony/Component/Yaml",
            "source": {
                "type": "git",
                "url": "https://github.com/symfony/Yaml.git",
                "reference": "2158ca824145bd01877f58c987aff828bccddefa"
            },
            "dist": {
                "type": "zip",
                "url": "https://api.github.com/repos/symfony/Yaml/zipball/2158ca824145bd01877f58c987aff828bccddefa",
                "reference": "2158ca824145bd01877f58c987aff828bccddefa",
                "shasum": ""
            },
            "require": {
                "php": ">=5.3.3"
            },
            "type": "library",
            "extra": {
                "branch-alias": {
                    "dev-master": "2.5-dev"
                }
            },
            "autoload": {
                "psr-0": {
                    "Symfony\\Component\\Yaml\\": ""
                }
            },
            "notification-url": "https://packagist.org/downloads/",
            "license": [
                "MIT"
            ],
            "authors": [
                {
                    "name": "Fabien Potencier",
                    "email": "fabien@symfony.com",
                    "homepage": "http://fabien.potencier.org",
                    "role": "Lead Developer"
                },
                {
                    "name": "Symfony Community",
                    "homepage": "http://symfony.com/contributors"
                }
            ],
            "description": "Symfony Yaml Component",
            "homepage": "http://symfony.com",
            "time": "2014-05-16 14:25:18"
        }
    ],
    "packages-dev": [

    ],
    "aliases": [

    ],
    "minimum-stability": "dev",
    "stability-flags": [

    ],
    "platform": [

    ],
    "platform-dev": [

    ]
}
